github.com/json-iterator/go v1.1.5 h1:gL2yXlmiIo4+t+y32d4WGwOjKGYcGOuyrg46vadswDE=
github.com/json-iterator/go v1.1.5/go.mod h1:+SdeFBvtyEkXs7REEP0seUULqWtbJapLOCVDaaPEHmU=
github.com/julienschmidt/httprouter v1.2.0 h1:TDTW5Yz1mjftljbcKqRcrYhd4XeOoI98t+9HbQbYf7g=
github.com/julienschmidt/httprouter v1.2.0/go.mod h1:SYymIcj16QtmaHHD7aYtjjsJG7VTCxuUUipMqKk8s4w=
github.com/modern-go/concurrent v0.0.0-20180306012644-bacd9c7ef1dd h1:TRLaZ9cD/w8PVh93nsPXa1VrQ6jlwL5oN8l14QlcNfg=
github.com/modern-go/concurrent v0.0.0-20180306012644-bacd9c7ef1dd/go.mod h1:6dJC0mAP4ikYIbvyc7fijjWJddQyLn8Ig3JB5CqoB9Q=
github.com/modern-go/reflect2 v1.0.1 h1:9f412s+6RmYXLWZSEzVVgPGK7C2PphHj5RJrvfx9AWI=
github.com/modern-go/reflect2 v1.0.1/go.mod h1:bx2lNnkwVCuqBIxFjflWJWanXIb3RllmbCylyMrvgv0=
github.com/tidwall/gjson v1.1.5 h1:QysILxBeUEY3GTLA0fQVgkQG1zme8NxGvhh2SSqWNwI=
github.com/tidwall/gjson v1.1.5/go.mod h1:c/nTNbUr0E0OrXEhq1pwa8iEgc2DOt4ZZqAt1HtCkPA=
github.com/tidwall/match v1.0.1 h1:PnKP62LPNxHKTwvHHZZzdOAOCtsJTjo6dZLCwpKm5xc=
github.com/tidwall/match v1.0.1/go.mod h1:LujAq0jyVjBy028G1WhWfIzbpQfMO8bBZ6Tyb0+pL9E=
github.com/vicanso/fresh v0.1.1 h1:L3UX/g2uZ4pNFzjc7+PyeYOlIAs2/yUfhcFnK7E+JQU=
github.com/vicanso/fresh v0.1.1/go.mod h1:gr1RKSFxQ1OnQHzUMBHCigifni7KrXveJjWCTlPjICA=
github.com/vicanso/hes v0.1.3 h1:3txPJL+J+xBRhIotkK3XKNbmBz+JXJ1knmGM0L+Qe4k=
github.com/vicanso/hes v0.1.3/go.mod h1:bG0UJ3EihDKObFcLLwJYjxHHr9saFllsFcepyDIvFlo=
github.com/vicanso/keygrip v0.1.0 h1:/zYzoVIbREAvaxSM7bo3/oSXuuYztaP71dPBfhRoNkM=
github.com/vicanso/keygrip v0.1.0/go.mod h1:cI05iOjY00NJ7oH2Z9Zdm9eJPUkpoex3XnEubK78nho=
github.com/vicanso/superjson v0.0.4 h1:k6PswKdSdEsuZ37g8UynYur+MMkkibBQVEYTOHNIuzA=
github.com/vicanso/superjson v0.0.4/go.mod h1:JWCSeF6/wImFZx+8lPyfeHj1EkbeuLtAZg6fR9sRBpM=
